{
  "name": "resusable-chart",
  "version": "1.0.0",
  "lockfileVersion": 1,
  "dependencies": {
    "is-css-color": {
      "version": "1.0.0",
      "resolved": "https://registry.npmjs.org/is-css-color/-/is-css-color-1.0.0.tgz",
      "integrity": "sha1-EQGYzd2xVTw5Nl4px1/btQIXC78=",
      "dev": true
    }
  }
}
